lockfileVersion: '9.0'

settings:
  autoInstallPeers: true
  excludeLinksFromLockfile: false

importers:

  .:
    dependencies:
      '@plasmohq/storage':
        specifier: ^1.15.0
        version: 1.15.0
      aamva-parser:
        specifier: ^1.6.0
        version: 1.6.0
      html5-qrcode:
        specifier: ^2.3.8
        version: 2.3.8

packages:

  '@plasmohq/storage@1.15.0':
    resolution: {integrity: sha512-zBZ2NyVyvZlql2XHsjkZDL0+bqF6lir9RygeTnkYGF253M8DZttuSvjpsmpK6OWYmRXjhEqJeubd3+Zq9kuZ0w==}
    peerDependencies:
      react: ^16.8.6 || ^17 || ^18 || ^19.0.0
    peerDependenciesMeta:
      react:
        optional: true

  aamva-parser@1.6.0:
    resolution: {integrity: sha512-p3i1adQVHc13xOHfu/+2DzOfANyNwri+os5av5ctbqV/IEZwTrwlpr3WQsx7J6UueHAar7KZ90DGKhlkb0HWdg==}
    engines: {node: '>=20'}

  html5-qrcode@2.3.8:
    resolution: {integrity: sha512-jsr4vafJhwoLVEDW3n1KvPnCCXWaQfRng0/EEYk1vNcQGcG/htAdhJX0be8YyqMoSz7+hZvOZSTAepsabiuhiQ==}

  pify@6.1.0:
    resolution: {integrity: sha512-KocF8ve28eFjjuBKKGvzOBGzG8ew2OqOOSxTTZhirkzH7h3BI1vyzqlR0qbfcDBve1Yzo3FVlWUAtCRrbVN8Fw==}
    engines: {node: '>=14.16'}

snapshots:

  '@plasmohq/storage@1.15.0':
    dependencies:
      pify: 6.1.0

  aamva-parser@1.6.0: {}

  html5-qrcode@2.3.8: {}

  pify@6.1.0: {}
